
Microsoft Visual Studio Solution File, Format Version 12.00
# Visual Studio Version 17
VisualStudioVersion = 17.3.32819.101
MinimumVisualStudioVersion = 10.0.40219.1
Project("{FAE04EC0-301F-11D3-BF4B-00C04F79EFBC}") = "PalinPerfect", "PalinPerfect.csproj", "{43986122-ABBB-4013-83BC-A9FD06FC0035}"
EndProject
Global
	GlobalSection(SolutionConfigurationPlatforms) = preSolution
		Debug|Any CPU = Debug|Any CPU
		Release|Any CPU = Release|Any CPU
	EndGlobalSection
	GlobalSection(ProjectConfigurationPlatforms) = postSolution
		{43986122-ABBB-4013-83BC-A9FD06FC0035}.Debug|Any CPU.ActiveCfg = Debug|Any CPU
		{43986122-ABBB-4013-83BC-A9FD06FC0035}.Debug|Any CPU.Build.0 = Debug|Any CPU
		{43986122-ABBB-4013-83BC-A9FD06FC0035}.Release|Any CPU.ActiveCfg = Release|Any CPU
		{43986122-ABBB-4013-83BC-A9FD06FC0035}.Release|Any CPU.Build.0 = Release|Any CPU
	EndGlobalSection
	GlobalSection(SolutionProperties) = preSolution
		HideSolutionNode = FALSE
	EndGlobalSection
	GlobalSection(ExtensibilityGlobals) = postSolution
		SolutionGuid = {E068C71E-656B-4905-86F9-463B6A863FD5}
	EndGlobalSection
EndGlobal
